<?xml version="1.0" encoding="utf-8"?>
<Project ToolsVersion="15.0" xmlns="http://schemas.microsoft.com/developer/msbuild/2003">
  <ItemGroup>
    <Filter Include="Resources">
      <UniqueIdentifier>accd3aa8-1ba0-4223-9bbe-0c431709210b</UniqueIdentifier>
      <Extensions>rc;ico;cur;bmp;dlg;rc2;rct;bin;rgs;gif;jpg;jpeg;jpe;resx;tga;tiff;tif;png;wav;mfcribbon-ms</Extensions>
    </Filter>
    <Filter Include="Generated Files">
      <UniqueIdentifier>{926ab91d-31b4-48c3-b9a4-e681349f27f0}</UniqueIdentifier>
    </Filter>
  </ItemGroup>
  <ItemGroup>
    <ClCompile Include="pch.cpp" />
    <ClCompile Include="$(GeneratedFilesDir)module.g.cpp" />
    <ClCompile Include="vertex.cpp" />
    <ClCompile Include="buffer.cpp" />
    <ClCompile Include="renderer.cpp" />
    <ClCompile Include="shader.cpp" />
    <ClCompile Include="utilities.cpp" />
    <ClCompile Include="texture.cpp" />
    <ClCompile Include="generic_attribute.cpp" />
    <ClCompile Include="subresource.cpp" />
  </ItemGroup>
  <ItemGroup>
    <ClInclude Include="pch.h" />
    <ClInclude Include="upload_buffer.h" />
    <ClInclude Include="d3dx12.h" />
    <ClInclude Include="vertex.h" />
    <ClInclude Include="buffer.h" />
    <ClInclude Include="renderer.h" />
    <ClInclude Include="shader.h" />
    <ClInclude Include="utilities.h" />
    <ClInclude Include="texture.h" />
    <ClInclude Include="generic_attribute.h" />
    <ClInclude Include="subresource.h" />
  </ItemGroup>
  <ItemGroup>
    <None Include="graphics.def" />
    <None Include="packages.config" />
  </ItemGroup>
  <ItemGroup>
    <Midl Include="vertex.idl" />
    <Midl Include="buffer.idl" />
    <Midl Include="renderer.idl" />
    <Midl Include="shader.idl" />
    <Midl Include="texture.idl" />
    <Midl Include="generic_attribute.idl" />
    <Midl Include="subresource.idl" />
  </ItemGroup>
</Project>