<?xml version="1.0" encoding="utf-8"?>
<Project ToolsVersion="4.0" xmlns="http://schemas.microsoft.com/developer/msbuild/2003">
  <ItemGroup>
    <Page Include="buffer_size_select_dialog.xaml">
      <Filter>views</Filter>
    </Page>
    <Page Include="MainPage.xaml">
      <Filter>views</Filter>
    </Page>
    <Page Include="main_page.xaml">
      <Filter>views</Filter>
    </Page>
    <Page Include="texture_showcase_page.xaml">
      <Filter>views</Filter>
    </Page>
  </ItemGroup>
  <ItemGroup>
    <Midl Include="App.idl" />
    <Midl Include="MainPage.idl" />
    <Midl Include="Geometry.idl">
      <Filter>ViewModels</Filter>
    </Midl>
    <Midl Include="GeometryViewModel.idl">
      <Filter>ViewModels</Filter>
    </Midl>
    <Midl Include="wzrd_vec3.idl">
      <Filter>ViewModels</Filter>
    </Midl>
    <Midl Include="Shader.idl">
      <Filter>ViewModels</Filter>
    </Midl>
    <Midl Include="Texture.idl">
      <Filter>ViewModels</Filter>
    </Midl>
    <Midl Include="Vertex.idl">
      <Filter>ViewModels</Filter>
    </Midl>
    <Midl Include="buffer_size_select_dialog.idl" />
    <Midl Include="int_to_visibility.idl">
      <Filter>views\converters</Filter>
    </Midl>
    <Midl Include="vertex_buffer.idl">
      <Filter>ViewModels</Filter>
    </Midl>
    <Midl Include="vertex2.idl">
      <Filter>ViewModels</Filter>
    </Midl>
    <Midl Include="main_page.idl" />
    <Midl Include="texture_showcase_page.idl" />
    <Midl Include="texture_showcase_vm.idl">
      <Filter>ViewModels</Filter>
    </Midl>
  </ItemGroup>
  <ItemGroup>
    <ClCompile Include="pch.cpp" />
    <ClCompile Include="App.cpp" />
    <ClCompile Include="MainPage.cpp" />
    <ClCompile Include="utilities.cpp" />
    <ClCompile Include="MathHelper.cpp" />
    <ClCompile Include="GameTimer.cpp" />
    <ClCompile Include="GraphicsResources.cpp" />
    <ClCompile Include="Geometry.cpp">
      <Filter>ViewModels</Filter>
    </ClCompile>
    <ClCompile Include="GeometryViewModel.cpp">
      <Filter>ViewModels</Filter>
    </ClCompile>
    <ClCompile Include="wzrd_vec3.cpp">
      <Filter>ViewModels</Filter>
    </ClCompile>
    <ClCompile Include="VertexBufferGenerator.cpp" />
    <ClCompile Include="main.cpp" />
    <ClCompile Include="Shader.cpp" />
    <ClCompile Include="Texture.cpp" />
    <ClCompile Include="Vertex.cpp" />
    <ClCompile Include="buffer_size_select_dialog.cpp" />
    <ClCompile Include="Generated Files\module.g.cpp" />
    <ClCompile Include="DDSTextureLoader.h">
      <Filter>external_libraries</Filter>
    </ClCompile>
    <ClCompile Include="DDSTextureLoader.cpp">
      <Filter>external_libraries</Filter>
    </ClCompile>
    <ClCompile Include="int_to_visibility.cpp" />
    <ClCompile Include="vertex_buffer.cpp" />
    <ClCompile Include="vertex2.cpp" />
    <ClCompile Include="main_page.cpp" />
    <ClCompile Include="texture_showcase_page.cpp" />
  </ItemGroup>
  <ItemGroup>
    <ClInclude Include="pch.h" />
    <ClInclude Include="App.h" />
    <ClInclude Include="MainPage.h" />
    <ClInclude Include="utilities.h" />
    <ClInclude Include="FrameResource.h" />
    <ClInclude Include="MathHelper.h" />
    <ClInclude Include="GameTimer.h" />
    <ClInclude Include="GraphicsResources.h" />
    <ClInclude Include="Geometry.h">
      <Filter>ViewModels</Filter>
    </ClInclude>
    <ClInclude Include="GeometryViewModel.h">
      <Filter>ViewModels</Filter>
    </ClInclude>
    <ClInclude Include="wzrd_vec3.h">
      <Filter>ViewModels</Filter>
    </ClInclude>
    <ClInclude Include="VertexBufferGenerator.h" />
    <ClInclude Include="Shader.h" />
    <ClInclude Include="Texture.h" />
    <ClInclude Include="Vertex.h" />
    <ClInclude Include="buffer_size_select_dialog.h" />
    <ClInclude Include="resource.h" />
    <ClInclude Include="d3dx12.h">
      <Filter>external_libraries</Filter>
    </ClInclude>
    <ClInclude Include="int_to_visibility.h" />
    <ClInclude Include="vertex_buffer.h" />
    <ClInclude Include="vertex2.h" />
    <ClInclude Include="main_page.h" />
    <ClInclude Include="texture_showcase_page.h" />
  </ItemGroup>
  <ItemGroup>
    <Image Include="Assets\Wide310x150Logo.scale-200.png">
      <Filter>Assets</Filter>
    </Image>
    <Image Include="Assets\StoreLogo.png">
      <Filter>Assets</Filter>
    </Image>
    <Image Include="Assets\Square150x150Logo.scale-200.png">
      <Filter>Assets</Filter>
    </Image>
    <Image Include="Assets\Square44x44Logo.targetsize-24_altform-unplated.png">
      <Filter>Assets</Filter>
    </Image>
    <Image Include="Assets\Square44x44Logo.scale-200.png">
      <Filter>Assets</Filter>
    </Image>
    <Image Include="Assets\SplashScreen.scale-200.png">
      <Filter>Assets</Filter>
    </Image>
    <Image Include="Assets\LockScreenLogo.scale-200.png">
      <Filter>Assets</Filter>
    </Image>
  </ItemGroup>
  <ItemGroup>
    <AppxManifest Include="Package.appxmanifest" />
  </ItemGroup>
  <ItemGroup>
    <None Include="wzrd_editor_TemporaryKey.pfx" />
    <None Include="packages.config" />
    <None Include="wzrd_editor.vcxproj.maxim.nvuser" />
    <None Include="wzrd_editor.aps" />
  </ItemGroup>
  <ItemGroup>
    <Filter Include="Assets">
      <UniqueIdentifier>{e48dc53e-40b1-40cb-970a-f89935452892}</UniqueIdentifier>
    </Filter>
    <Filter Include="views">
      <UniqueIdentifier>{4070b2eb-2179-4235-87ba-2b5a78f74d25}</UniqueIdentifier>
    </Filter>
    <Filter Include="external_libraries">
      <UniqueIdentifier>{49c3e225-620d-4e76-96bc-9f62878330ad}</UniqueIdentifier>
    </Filter>
    <Filter Include="views\converters">
      <UniqueIdentifier>{1e1d06dd-bdc0-42bf-88dc-f10515b4f30b}</UniqueIdentifier>
    </Filter>
    <Filter Include="ViewModels">
      <UniqueIdentifier>{490f3483-9785-47ea-9215-771ad4e35684}</UniqueIdentifier>
    </Filter>
  </ItemGroup>
  <ItemGroup>
    <ResourceCompile Include="wzrd_editor.rc" />
  </ItemGroup>
  <ItemGroup>
    <Text Include="wzrd_editor.log" />
  </ItemGroup>
  <ItemGroup>
    <ApplicationDefinition Include="App.xaml">
      <Filter>views</Filter>
    </ApplicationDefinition>
  </ItemGroup>
</Project>