<?xml version="1.0" encoding="utf-8"?>
<Project ToolsVersion="4.0" xmlns="http://schemas.microsoft.com/developer/msbuild/2003">
  <ItemGroup>
    <ApplicationDefinition Include="App.xaml" />
  </ItemGroup>
  <ItemGroup>
    <Page Include="MainPage.xaml" />
  </ItemGroup>
  <ItemGroup>
    <Midl Include="App.idl" />
    <Midl Include="MainPage.idl" />
    <Midl Include="Geometry.idl">
      <Filter>Models</Filter>
    </Midl>
    <Midl Include="GeometryViewModel.idl">
      <Filter>Models</Filter>
    </Midl>
    <Midl Include="wzrd_vec3.idl">
      <Filter>Models</Filter>
    </Midl>
    <Midl Include="Shader.idl">
      <Filter>Models</Filter>
    </Midl>
    <Midl Include="Texture.idl">
      <Filter>Models</Filter>
    </Midl>
  </ItemGroup>
  <ItemGroup>
    <ClCompile Include="pch.cpp" />
    <ClCompile Include="App.cpp" />
    <ClCompile Include="MainPage.cpp" />
    <ClCompile Include="Generated Files\module.g.cpp" />
    <ClCompile Include="DDSTextureLoader.h" />
    <ClCompile Include="DDSTextureLoader.cpp" />
    <ClCompile Include="utilities.cpp" />
    <ClCompile Include="GeometryGenerator.cpp" />
    <ClCompile Include="FrameResource.cpp" />
    <ClCompile Include="MathHelper.cpp" />
    <ClCompile Include="GameTimer.cpp" />
    <ClCompile Include="GraphicsResources.cpp" />
    <ClCompile Include="Geometry.cpp">
      <Filter>Models</Filter>
    </ClCompile>
    <ClCompile Include="GeometryViewModel.cpp">
      <Filter>Models</Filter>
    </ClCompile>
    <ClCompile Include="wzrd_vec3.cpp">
      <Filter>Models</Filter>
    </ClCompile>
    <ClCompile Include="VertexBufferGenerator.cpp" />
    <ClCompile Include="main.cpp" />
    <ClCompile Include="Shader.cpp" />
  </ItemGroup>
  <ItemGroup>
    <ClInclude Include="pch.h" />
    <ClInclude Include="App.h" />
    <ClInclude Include="MainPage.h" />
    <ClInclude Include="d3dx12.h" />
    <ClInclude Include="utilities.h" />
    <ClInclude Include="GeometryGenerator.h" />
    <ClInclude Include="FrameResource.h" />
    <ClInclude Include="MathHelper.h" />
    <ClInclude Include="GameTimer.h" />
    <ClInclude Include="GraphicsResources.h" />
    <ClInclude Include="Geometry.h">
      <Filter>Models</Filter>
    </ClInclude>
    <ClInclude Include="GeometryViewModel.h">
      <Filter>Models</Filter>
    </ClInclude>
    <ClInclude Include="wzrd_vec3.h">
      <Filter>Models</Filter>
    </ClInclude>
    <ClInclude Include="VertexBufferGenerator.h" />
    <ClInclude Include="Shader.h" />
  </ItemGroup>
  <ItemGroup>
    <Image Include="Assets\Wide310x150Logo.scale-200.png">
      <Filter>Assets</Filter>
    </Image>
    <Image Include="Assets\StoreLogo.png">
      <Filter>Assets</Filter>
    </Image>
    <Image Include="Assets\Square150x150Logo.scale-200.png">
      <Filter>Assets</Filter>
    </Image>
    <Image Include="Assets\Square44x44Logo.targetsize-24_altform-unplated.png">
      <Filter>Assets</Filter>
    </Image>
    <Image Include="Assets\Square44x44Logo.scale-200.png">
      <Filter>Assets</Filter>
    </Image>
    <Image Include="Assets\SplashScreen.scale-200.png">
      <Filter>Assets</Filter>
    </Image>
    <Image Include="Assets\LockScreenLogo.scale-200.png">
      <Filter>Assets</Filter>
    </Image>
  </ItemGroup>
  <ItemGroup>
    <AppxManifest Include="Package.appxmanifest" />
  </ItemGroup>
  <ItemGroup>
    <None Include="wzrd_editor_TemporaryKey.pfx" />
  </ItemGroup>
  <ItemGroup>
    <Filter Include="Assets">
      <UniqueIdentifier>{e48dc53e-40b1-40cb-970a-f89935452892}</UniqueIdentifier>
    </Filter>
    <Filter Include="views">
      <UniqueIdentifier>{66a95b7e-03a9-4066-aef3-6f40cdfdf90d}</UniqueIdentifier>
    </Filter>
    <Filter Include="Models">
      <UniqueIdentifier>{490f3483-9785-47ea-9215-771ad4e35684}</UniqueIdentifier>
    </Filter>
  </ItemGroup>
  <ItemGroup>
    <Text Include="readme.txt" />
  </ItemGroup>
</Project>